{
	"name": "@amoy/filter-lens-halo",
	"version": "1.0.0",
	"lockfileVersion": 1,
	"requires": true,
	"dependencies": {
		"@pixi/constants": {
			"version": "5.1.0",
			"resolved": "https://registry.npmjs.org/@pixi/constants/-/constants-5.1.0.tgz",
			"integrity": "sha512-86cogDvjF9yNvmxeizwkIhA0Kl2z3gUSWMf2daYx903dzyje7fwkzRrKLnqDUn6vSAxRXiska0DMJhwYsIC29w=="
		},
		"@pixi/core": {
			"version": "5.1.5",
			"resolved": "https://registry.npmjs.org/@pixi/core/-/core-5.1.5.tgz",
			"integrity": "sha512-pt7JTgRyGyOm1VNGhYqAjdIggQ5SjGpctLEBFwPlZDOTeEjJ85NADwCvN/E9ToIW7Gv/1urrNKsoVGlADcV6vw==",
			"requires": {
				"@pixi/constants": "^5.1.0",
				"@pixi/display": "^5.1.3",
				"@pixi/math": "^5.1.0",
				"@pixi/runner": "^5.1.1",
				"@pixi/settings": "^5.1.3",
				"@pixi/ticker": "^5.1.3",
				"@pixi/utils": "^5.1.3"
			}
		},
		"@pixi/display": {
			"version": "5.1.3",
			"resolved": "https://registry.npmjs.org/@pixi/display/-/display-5.1.3.tgz",
			"integrity": "sha512-zQJfwH9tSilEfpajVJKM2bavIXBFMokscXyFIdokBSjLQL22mgEyR0mHZ3u6OECUa0PEVUA64eePv6KmPZ+bJQ==",
			"requires": {
				"@pixi/math": "^5.1.0",
				"@pixi/settings": "^5.1.3",
				"@pixi/utils": "^5.1.3"
			}
		},
		"@pixi/math": {
			"version": "5.1.0",
			"resolved": "https://registry.npmjs.org/@pixi/math/-/math-5.1.0.tgz",
			"integrity": "sha512-Vf9W4SgYRRQMdSq8tFViKKKGCU3iklf0RDzd+wzp4gezOxe3m0PLB7XKwvVrP1hRjUh49zIAL9JBpYREPS1EMw=="
		},
		"@pixi/runner": {
			"version": "5.1.1",
			"resolved": "https://registry.npmjs.org/@pixi/runner/-/runner-5.1.1.tgz",
			"integrity": "sha512-cOkWsRZlEgOB4IuiUW0PvU0JDMNpNTtyLeECg4DwIDYW4uQ0033zaZFSsN0EOeX0TFkpBmaJsgEIwpmw32VU0w=="
		},
		"@pixi/settings": {
			"version": "5.1.3",
			"resolved": "https://registry.npmjs.org/@pixi/settings/-/settings-5.1.3.tgz",
			"integrity": "sha512-goYjVYuklNMFWFq54J7u4eYVe+qmLe6AQP+b+hF+Kskw7tSXrAVTHROqrEiqPqKSCL9umorOi6T/ZTXhk8i4Wg==",
			"requires": {
				"ismobilejs": "^0.5.1"
			}
		},
		"@pixi/ticker": {
			"version": "5.1.3",
			"resolved": "https://registry.npmjs.org/@pixi/ticker/-/ticker-5.1.3.tgz",
			"integrity": "sha512-IuJTMTfdboR6049b+HnSClGj7Lz5gObVoxuMc3flY493XAvrQk4XrBo57QDlVOdjVBiDW0gZ9DlUr1lwNFI7zQ==",
			"requires": {
				"@pixi/settings": "^5.1.3"
			}
		},
		"@pixi/utils": {
			"version": "5.1.3",
			"resolved": "https://registry.npmjs.org/@pixi/utils/-/utils-5.1.3.tgz",
			"integrity": "sha512-w2ULIc97p1tnAZ7L0aSClDeIpuCYrauOKbnWYG8C8zTVfHWFKAHVamvzYnVaeXw4CN9jwERK/JYY/y2VFZXHuw==",
			"requires": {
				"@pixi/constants": "^5.1.0",
				"@pixi/settings": "^5.1.3",
				"earcut": "^2.1.5",
				"eventemitter3": "^3.1.0",
				"url": "^0.11.0"
			}
		},
		"earcut": {
			"version": "2.2.1",
			"resolved": "https://registry.npmjs.org/earcut/-/earcut-2.2.1.tgz",
			"integrity": "sha512-5jIMi2RB3HtGPHcYd9Yyl0cczo84y+48lgKPxMijliNQaKAHEZJbdzLmKmdxG/mCdS/YD9DQ1gihL8mxzR0F9w=="
		},
		"eventemitter3": {
			"version": "3.1.2",
			"resolved": "https://registry.npmjs.org/eventemitter3/-/eventemitter3-3.1.2.tgz",
			"integrity": "sha512-tvtQIeLVHjDkJYnzf2dgVMxfuSGJeM/7UCG17TT4EumTfNtF+0nebF/4zWOIkCreAbtNqhGEboB6BWrwqNaw4Q=="
		},
		"ismobilejs": {
			"version": "0.5.2",
			"resolved": "https://registry.npmjs.org/ismobilejs/-/ismobilejs-0.5.2.tgz",
			"integrity": "sha512-ta9UdV60xVZk/ZafFtSFslQaE76SvNkcs1r73d2PVR21zVzx9xuYv9tNe4MxA1NN7WoeCc2RjGot3Bz1eHDx3Q=="
		},
		"punycode": {
			"version": "1.3.2",
			"resolved": "https://registry.npmjs.org/punycode/-/punycode-1.3.2.tgz",
			"integrity": "sha1-llOgNvt8HuQjQvIyXM7v6jkmxI0="
		},
		"querystring": {
			"version": "0.2.0",
			"resolved": "https://registry.npmjs.org/querystring/-/querystring-0.2.0.tgz",
			"integrity": "sha1-sgmEkgO7Jd+CDadW50cAWHhSFiA="
		},
		"url": {
			"version": "0.11.0",
			"resolved": "https://registry.npmjs.org/url/-/url-0.11.0.tgz",
			"integrity": "sha1-ODjpfPxgUh63PFJajlW/3Z4uKPE=",
			"requires": {
				"punycode": "1.3.2",
				"querystring": "0.2.0"
			}
		}
	}
}
